// !$*UTF8*$!
{
	archiveVersion = 1;
	classes = {
	};
	objectVersion = 77;
	objects = {

/* Begin PBXBuildFile section */
		B15C23FB2EB1BBF600EF30AB /* WidgetKit.framework in Frameworks */ = {isa = PBXBuildFile; fileRef = B15C23FA2EB1BBF600EF30AB /* WidgetKit.framework */; };
		B15C23FD2EB1BBF600EF30AB /* SwiftUI.framework in Frameworks */ = {isa = PBXBuildFile; fileRef = B15C23FC2EB1BBF600EF30AB /* SwiftUI.framework */; };
		B15C240E2EB1BBF700EF30AB /* AttentionArsenalWidgetExtension.appex in Embed Foundation Extensions */ = {isa = PBXBuildFile; fileRef = B15C23F82EB1BBF600EF30AB /* AttentionArsenalWidgetExtension.appex */; settings = {ATTRIBUTES = (RemoveHeadersOnCopy, ); }; };
/* End PBXBuildFile section */

/* Begin PBXContainerItemProxy section */
		B14E772F2E3590A60052BB04 /* PBXContainerItemProxy */ = {
			isa = PBXContainerItemProxy;
			containerPortal = B14E77182E3590A50052BB04 /* Project object */;
			proxyType = 1;
			remoteGlobalIDString = B14E771F2E3590A50052BB04;
			remoteInfo = "attention-arsenal";
		};
		B14E77392E3590A60052BB04 /* PBXContainerItemProxy */ = {
			isa = PBXContainerItemProxy;
			containerPortal = B14E77182E3590A50052BB04 /* Project object */;
			proxyType = 1;
			remoteGlobalIDString = B14E771F2E3590A50052BB04;
			remoteInfo = "attention-arsenal";
		};
		B15C240C2EB1BBF700EF30AB /* PBXContainerItemProxy */ = {
			isa = PBXContainerItemProxy;
			containerPortal = B14E77182E3590A50052BB04 /* Project object */;
			proxyType = 1;
			remoteGlobalIDString = B15C23F72EB1BBF600EF30AB;
			remoteInfo = AttentionArsenalWidgetExtension;
		};
/* End PBXContainerItemProxy section */

/* Begin PBXCopyFilesBuildPhase section */
		B15C24132EB1BBF700EF30AB /* Embed Foundation Extensions */ = {
			isa = PBXCopyFilesBuildPhase;
			buildActionMask = 2147483647;
			dstPath = "";
			dstSubfolderSpec = 13;
			files = (
				B15C240E2EB1BBF700EF30AB /* AttentionArsenalWidgetExtension.appex in Embed Foundation Extensions */,
			);
			name = "Embed Foundation Extensions";
			runOnlyForDeploymentPostprocessing = 0;
		};
/* End PBXCopyFilesBuildPhase section */

/* Begin PBXFileReference section */
		B14E77202E3590A50052BB04 /* attention-arsenal.app */ = {isa = PBXFileReference; explicitFileType = wrapper.application; includeInIndex = 0; path = "attention-arsenal.app"; sourceTree = BUILT_PRODUCTS_DIR; };
		B14E772E2E3590A60052BB04 /* attention-arsenalTests.xctest */ = {isa = PBXFileReference; explicitFileType = wrapper.cfbundle; includeInIndex = 0; path = "attention-arsenalTests.xctest"; sourceTree = BUILT_PRODUCTS_DIR; };
		B14E77382E3590A60052BB04 /* attention-arsenalUITests.xctest */ = {isa = PBXFileReference; explicitFileType = wrapper.cfbundle; includeInIndex = 0; path = "attention-arsenalUITests.xctest"; sourceTree = BUILT_PRODUCTS_DIR; };
		B15C23F82EB1BBF600EF30AB /* AttentionArsenalWidgetExtension.appex */ = {isa = PBXFileReference; explicitFileType = "wrapper.app-extension"; includeInIndex = 0; path = AttentionArsenalWidgetExtension.appex; sourceTree = BUILT_PRODUCTS_DIR; };
		B15C23FA2EB1BBF600EF30AB /* WidgetKit.framework */ = {isa = PBXFileReference; lastKnownFileType = wrapper.framework; name = WidgetKit.framework; path = System/Library/Frameworks/WidgetKit.framework; sourceTree = SDKROOT; };
		B15C23FC2EB1BBF600EF30AB /* SwiftUI.framework */ = {isa = PBXFileReference; lastKnownFileType = wrapper.framework; name = SwiftUI.framework; path = System/Library/Frameworks/SwiftUI.framework; sourceTree = SDKROOT; };
		B15C24152EB1BC7800EF30AB /* AttentionArsenalWidgetExtension.entitlements */ = {isa = PBXFileReference; lastKnownFileType = text.plist.entitlements; path = AttentionArsenalWidgetExtension.entitlements; sourceTree = "<group>"; };
/* End PBXFileReference section */

/* Begin PBXFileSystemSynchronizedBuildFileExceptionSet section */
		B15C24122EB1BBF700EF30AB /* Exceptions for "AttentionArsenalWidget" folder in "AttentionArsenalWidgetExtension" target */ = {
			isa = PBXFileSystemSynchronizedBuildFileExceptionSet;
			membershipExceptions = (
				Info.plist,
			);
			target = B15C23F72EB1BBF600EF30AB /* AttentionArsenalWidgetExtension */;
		};
		B15C24192EB1BD3000EF30AB /* Exceptions for "attention-arsenal" folder in "AttentionArsenalWidgetExtension" target */ = {
			isa = PBXFileSystemSynchronizedBuildFileExceptionSet;
			membershipExceptions = (
				AttentionArsenal.xcdatamodeld,
				PersistenceController.swift,
			);
			target = B15C23F72EB1BBF600EF30AB /* AttentionArsenalWidgetExtension */;
		};
		B1D4EAB12EA618BE0042AC69 /* Exceptions for "attention-arsenal" folder in "attention-arsenal" target */ = {
			isa = PBXFileSystemSynchronizedBuildFileExceptionSet;
			membershipExceptions = (
				Info.plist,
			);
			target = B14E771F2E3590A50052BB04 /* attention-arsenal */;
		};
/* End PBXFileSystemSynchronizedBuildFileExceptionSet section */

/* Begin PBXFileSystemSynchronizedRootGroup section */
		B14E77222E3590A50052BB04 /* attention-arsenal */ = {
			isa = PBXFileSystemSynchronizedRootGroup;
			exceptions = (
				B1D4EAB12EA618BE0042AC69 /* Exceptions for "attention-arsenal" folder in "attention-arsenal" target */,
				B15C24192EB1BD3000EF30AB /* Exceptions for "attention-arsenal" folder in "AttentionArsenalWidgetExtension" target */,
			);
			path = "attention-arsenal";
			sourceTree = "<group>";
		};
		B14E77312E3590A60052BB04 /* attention-arsenalTests */ = {
			isa = PBXFileSystemSynchronizedRootGroup;
			path = "attention-arsenalTests";
			sourceTree = "<group>";
		};
		B14E773B2E3590A60052BB04 /* attention-arsenalUITests */ = {
			isa = PBXFileSystemSynchronizedRootGroup;
			path = "attention-arsenalUITests";
			sourceTree = "<group>";
		};
		B15C23FE2EB1BBF600EF30AB /* AttentionArsenalWidget */ = {
			isa = PBXFileSystemSynchronizedRootGroup;
			exceptions = (
				B15C24122EB1BBF700EF30AB /* Exceptions for "AttentionArsenalWidget" folder in "AttentionArsenalWidgetExtension" target */,
			);
			path = AttentionArsenalWidget;
			sourceTree = "<group>";
		};
/* End PBXFileSystemSynchronizedRootGroup section */

/* Begin PBXFrameworksBuildPhase section */
		B14E771D2E3590A50052BB04 /* Frameworks */ = {
			isa = PBXFrameworksBuildPhase;
			buildActionMask = 2147483647;
			files = (
			);
			runOnlyForDeploymentPostprocessing = 0;
		};
		B14E772B2E3590A60052BB04 /* Frameworks */ = {
			isa = PBXFrameworksBuildPhase;
			buildActionMask = 2147483647;
			files = (
			);
			runOnlyForDeploymentPostprocessing = 0;
		};
		B14E77352E3590A60052BB04 /* Frameworks */ = {
			isa = PBXFrameworksBuildPhase;
			buildActionMask = 2147483647;
			files = (
			);
			runOnlyForDeploymentPostprocessing = 0;
		};
		B15C23F52EB1BBF600EF30AB /* Frameworks */ = {
			isa = PBXFrameworksBuildPhase;
			buildActionMask = 2147483647;
			files = (
				B15C23FD2EB1BBF600EF30AB /* SwiftUI.framework in Frameworks */,
				B15C23FB2EB1BBF600EF30AB /* WidgetKit.framework in Frameworks */,
			);
			runOnlyForDeploymentPostprocessing = 0;
		};
/* End PBXFrameworksBuildPhase section */

/* Begin PBXGroup section */
		B14E77172E3590A50052BB04 = {
			isa = PBXGroup;
			children = (
				B15C24152EB1BC7800EF30AB /* AttentionArsenalWidgetExtension.entitlements */,
				B14E77222E3590A50052BB04 /* attention-arsenal */,
				B14E77312E3590A60052BB04 /* attention-arsenalTests */,
				B14E773B2E3590A60052BB04 /* attention-arsenalUITests */,
				B15C23FE2EB1BBF600EF30AB /* AttentionArsenalWidget */,
				B15C23F92EB1BBF600EF30AB /* Frameworks */,
				B14E77212E3590A50052BB04 /* Products */,
			);
			sourceTree = "<group>";
		};
		B14E77212E3590A50052BB04 /* Products */ = {
			isa = PBXGroup;
			children = (
				B14E77202E3590A50052BB04 /* attention-arsenal.app */,
				B14E772E2E3590A60052BB04 /* attention-arsenalTests.xctest */,
				B14E77382E3590A60052BB04 /* attention-arsenalUITests.xctest */,
				B15C23F82EB1BBF600EF30AB /* AttentionArsenalWidgetExtension.appex */,
			);
			name = Products;
			sourceTree = "<group>";
		};
		B15C23F92EB1BBF600EF30AB /* Frameworks */ = {
			isa = PBXGroup;
			children = (
				B15C23FA2EB1BBF600EF30AB /* WidgetKit.framework */,
				B15C23FC2EB1BBF600EF30AB /* SwiftUI.framework */,
			);
			name = Frameworks;
			sourceTree = "<group>";
		};
/* End PBXGroup section */

/* Begin PBXNativeTarget section */
		B14E771F2E3590A50052BB04 /* attention-arsenal */ = {
			isa = PBXNativeTarget;
			buildConfigurationList = B14E77422E3590A60052BB04 /* Build configuration list for PBXNativeTarget "attention-arsenal" */;
			buildPhases = (
				B14E771C2E3590A50052BB04 /* Sources */,
				B14E771D2E3590A50052BB04 /* Frameworks */,
				B14E771E2E3590A50052BB04 /* Resources */,
				B15C24132EB1BBF700EF30AB /* Embed Foundation Extensions */,
			);
			buildRules = (
			);
			dependencies = (
				B15C240D2EB1BBF700EF30AB /* PBXTargetDependency */,
			);
			fileSystemSynchronizedGroups = (
				B14E77222E3590A50052BB04 /* attention-arsenal */,
			);
			name = "attention-arsenal";
			packageProductDependencies = (
			);
			productName = "attention-arsenal";
			productReference = B14E77202E3590A50052BB04 /* attention-arsenal.app */;
			productType = "com.apple.product-type.application";
		};
		B14E772D2E3590A60052BB04 /* attention-arsenalTests */ = {
			isa = PBXNativeTarget;
			buildConfigurationList = B14E77452E3590A60052BB04 /* Build configuration list for PBXNativeTarget "attention-arsenalTests" */;
			buildPhases = (
				B14E772A2E3590A60052BB04 /* Sources */,
				B14E772B2E3590A60052BB04 /* Frameworks */,
				B14E772C2E3590A60052BB04 /* Resources */,
			);
			buildRules = (
			);
			dependencies = (
				B14E77302E3590A60052BB04 /* PBXTargetDependency */,
			);
			fileSystemSynchronizedGroups = (
				B14E77312E3590A60052BB04 /* attention-arsenalTests */,
			);
			name = "attention-arsenalTests";
			packageProductDependencies = (
			);
			productName = "attention-arsenalTests";
			productReference = B14E772E2E3590A60052BB04 /* attention-arsenalTests.xctest */;
			productType = "com.apple.product-type.bundle.unit-test";
		};
		B14E77372E3590A60052BB04 /* attention-arsenalUITests */ = {
			isa = PBXNativeTarget;
			buildConfigurationList = B14E77482E3590A60052BB04 /* Build configuration list for PBXNativeTarget "attention-arsenalUITests" */;
			buildPhases = (
				B14E77342E3590A60052BB04 /* Sources */,
				B14E77352E3590A60052BB04 /* Frameworks */,
				B14E77362E3590A60052BB04 /* Resources */,
			);
			buildRules = (
			);
			dependencies = (
				B14E773A2E3590A60052BB04 /* PBXTargetDependency */,
			);
			fileSystemSynchronizedGroups = (
				B14E773B2E3590A60052BB04 /* attention-arsenalUITests */,
			);
			name = "attention-arsenalUITests";
			packageProductDependencies = (
			);
			productName = "attention-arsenalUITests";
			productReference = B14E77382E3590A60052BB04 /* attention-arsenalUITests.xctest */;
			productType = "com.apple.product-type.bundle.ui-testing";
		};
		B15C23F72EB1BBF600EF30AB /* AttentionArsenalWidgetExtension */ = {
			isa = PBXNativeTarget;
			buildConfigurationList = B15C240F2EB1BBF700EF30AB /* Build configuration list for PBXNativeTarget "AttentionArsenalWidgetExtension" */;
			buildPhases = (
				B15C23F42EB1BBF600EF30AB /* Sources */,
				B15C23F52EB1BBF600EF30AB /* Frameworks */,
				B15C23F62EB1BBF600EF30AB /* Resources */,
			);
			buildRules = (
			);
			dependencies = (
			);
			fileSystemSynchronizedGroups = (
				B15C23FE2EB1BBF600EF30AB /* AttentionArsenalWidget */,
			);
			name = AttentionArsenalWidgetExtension;
			packageProductDependencies = (
			);
			productName = AttentionArsenalWidgetExtension;
			productReference = B15C23F82EB1BBF600EF30AB /* AttentionArsenalWidgetExtension.appex */;
			productType = "com.apple.product-type.app-extension";
		};
/* End PBXNativeTarget section */

/* Begin PBXProject section */
		B14E77182E3590A50052BB04 /* Project object */ = {
			isa = PBXProject;
			attributes = {
				BuildIndependentTargetsInParallel = 1;
				LastSwiftUpdateCheck = 1630;
				LastUpgradeCheck = 1630;
				TargetAttributes = {
					B14E771F2E3590A50052BB04 = {
						CreatedOnToolsVersion = 16.3;
					};
					B14E772D2E3590A60052BB04 = {
						CreatedOnToolsVersion = 16.3;
						TestTargetID = B14E771F2E3590A50052BB04;
					};
					B14E77372E3590A60052BB04 = {
						CreatedOnToolsVersion = 16.3;
						TestTargetID = B14E771F2E3590A50052BB04;
					};
					B15C23F72EB1BBF600EF30AB = {
						CreatedOnToolsVersion = 16.3;
					};
				};
			};
			buildConfigurationList = B14E771B2E3590A50052BB04 /* Build configuration list for PBXProject "attention-arsenal" */;
			developmentRegion = en;
			hasScannedForEncodings = 0;
			knownRegions = (
				en,
				Base,
			);
			mainGroup = B14E77172E3590A50052BB04;
			minimizedProjectReferenceProxies = 1;
			preferredProjectObjectVersion = 77;
			productRefGroup = B14E77212E3590A50052BB04 /* Products */;
			projectDirPath = "";
			projectRoot = "";
			targets = (
				B14E771F2E3590A50052BB04 /* attention-arsenal */,
				B14E772D2E3590A60052BB04 /* attention-arsenalTests */,
				B14E77372E3590A60052BB04 /* attention-arsenalUITests */,
				B15C23F72EB1BBF600EF30AB /* AttentionArsenalWidgetExtension */,
			);
		};
/* End PBXProject section */

/* Begin PBXResourcesBuildPhase section */
		B14E771E2E3590A50052BB04 /* Resources */ = {
			isa = PBXResourcesBuildPhase;
			buildActionMask = 2147483647;
			files = (
			);
			runOnlyForDeploymentPostprocessing = 0;
		};
		B14E772C2E3590A60052BB04 /* Resources */ = {
			isa = PBXResourcesBuildPhase;
			buildActionMask = 2147483647;
			files = (
			);
			runOnlyForDeploymentPostprocessing = 0;
		};
		B14E77362E3590A60052BB04 /* Resources */ = {
			isa = PBXResourcesBuildPhase;
			buildActionMask = 2147483647;
			files = (
			);
			runOnlyForDeploymentPostprocessing = 0;
		};
		B15C23F62EB1BBF600EF30AB /* Resources */ = {
			isa = PBXResourcesBuildPhase;
			buildActionMask = 2147483647;
			files = (
			);
			runOnlyForDeploymentPostprocessing = 0;
		};
/* End PBXResourcesBuildPhase section */

/* Begin PBXSourcesBuildPhase section */
		B14E771C2E3590A50052BB04 /* Sources */ = {
			isa = PBXSourcesBuildPhase;
			buildActionMask = 2147483647;
			files = (
			);
			runOnlyForDeploymentPostprocessing = 0;
		};
		B14E772A2E3590A60052BB04 /* Sources */ = {
			isa = PBXSourcesBuildPhase;
			buildActionMask = 2147483647;
			files = (
			);
			runOnlyForDeploymentPostprocessing = 0;
		};
		B14E77342E3590A60052BB04 /* Sources */ = {
			isa = PBXSourcesBuildPhase;
			buildActionMask = 2147483647;
			files = (
			);
			runOnlyForDeploymentPostprocessing = 0;
		};
		B15C23F42EB1BBF600EF30AB /* Sources */ = {
			isa = PBXSourcesBuildPhase;
			buildActionMask = 2147483647;
			files = (
			);
			runOnlyForDeploymentPostprocessing = 0;
		};
/* End PBXSourcesBuildPhase section */

/* Begin PBXTargetDependency section */
		B14E77302E3590A60052BB04 /* PBXTargetDependency */ = {
			isa = PBXTargetDependency;
			target = B14E771F2E3590A50052BB04 /* attention-arsenal */;
			targetProxy = B14E772F2E3590A60052BB04 /* PBXContainerItemProxy */;
		};
		B14E773A2E3590A60052BB04 /* PBXTargetDependency */ = {
			isa = PBXTargetDependency;
			target = B14E771F2E3590A50052BB04 /* attention-arsenal */;
			targetProxy = B14E77392E3590A60052BB04 /* PBXContainerItemProxy */;
		};
		B15C240D2EB1BBF700EF30AB /* PBXTargetDependency */ = {
			isa = PBXTargetDependency;
			target = B15C23F72EB1BBF600EF30AB /* AttentionArsenalWidgetExtension */;
			targetProxy = B15C240C2EB1BBF700EF30AB /* PBXContainerItemProxy */;
		};
/* End PBXTargetDependency section */

/* Begin XCBuildConfiguration section */
		B14E77402E3590A60052BB04 /* Debug */ = {
			isa = XCBuildConfiguration;
			buildSettings = {
				ALWAYS_SEARCH_USER_PATHS = NO;
				ASSETCATALOG_COMPILER_GENERATE_SWIFT_ASSET_SYMBOL_EXTENSIONS = YES;
				CLANG_ANALYZER_NONNULL = YES;
				CLANG_ANALYZER_NUMBER_OBJECT_CONVERSION = YES_AGGRESSIVE;
				CLANG_CXX_LANGUAGE_STANDARD = "gnu++20";
				CLANG_ENABLE_MODULES = YES;
				CLANG_ENABLE_OBJC_ARC = YES;
				CLANG_ENABLE_OBJC_WEAK = YES;
				CLANG_WARN_BLOCK_CAPTURE_AUTORELEASING = YES;
				CLANG_WARN_BOOL_CONVERSION = YES;
				CLANG_WARN_COMMA = YES;
				CLANG_WARN_CONSTANT_CONVERSION = YES;
				CLANG_WARN_DEPRECATED_OBJC_IMPLEMENTATIONS = YES;
				CLANG_WARN_DIRECT_OBJC_ISA_USAGE = YES_ERROR;
				CLANG_WARN_DOCUMENTATION_COMMENTS = YES;
				CLANG_WARN_EMPTY_BODY = YES;
				CLANG_WARN_ENUM_CONVERSION = YES;
				CLANG_WARN_INFINITE_RECURSION = YES;
				CLANG_WARN_INT_CONVERSION = YES;
				CLANG_WARN_NON_LITERAL_NULL_CONVERSION = YES;
				CLANG_WARN_OBJC_IMPLICIT_RETAIN_SELF = YES;
				CLANG_WARN_OBJC_LITERAL_CONVERSION = YES;
				CLANG_WARN_OBJC_ROOT_CLASS = YES_ERROR;
				CLANG_WARN_QUOTED_INCLUDE_IN_FRAMEWORK_HEADER = YES;
				CLANG_WARN_RANGE_LOOP_ANALYSIS = YES;
				CLANG_WARN_STRICT_PROTOTYPES = YES;
				CLANG_WARN_SUSPICIOUS_MOVE = YES;
				CLANG_WARN_UNGUARDED_AVAILABILITY = YES_AGGRESSIVE;
				CLANG_WARN_UNREACHABLE_CODE = YES;
				CLANG_WARN__DUPLICATE_METHOD_MATCH = YES;
				COPY_PHASE_STRIP = NO;
				DEBUG_INFORMATION_FORMAT = dwarf;
				DEVELOPMENT_TEAM = WC6K89GLMJ;
				ENABLE_STRICT_OBJC_MSGSEND = YES;
				ENABLE_TESTABILITY = YES;
				ENABLE_USER_SCRIPT_SANDBOXING = YES;
				GCC_C_LANGUAGE_STANDARD = gnu17;
				GCC_DYNAMIC_NO_PIC = NO;
				GCC_NO_COMMON_BLOCKS = YES;
				GCC_OPTIMIZATION_LEVEL = 0;
				GCC_PREPROCESSOR_DEFINITIONS = (
					"DEBUG=1",
					"$(inherited)",
				);
				GCC_WARN_64_TO_32_BIT_CONVERSION = YES;
				GCC_WARN_ABOUT_RETURN_TYPE = YES_ERROR;
				GCC_WARN_UNDECLARED_SELECTOR = YES;
				GCC_WARN_UNINITIALIZED_AUTOS = YES_AGGRESSIVE;
				GCC_WARN_UNUSED_FUNCTION = YES;
				GCC_WARN_UNUSED_VARIABLE = YES;
				LOCALIZATION_PREFERS_STRING_CATALOGS = YES;
				MTL_ENABLE_DEBUG_INFO = INCLUDE_SOURCE;
				MTL_FAST_MATH = YES;
				ONLY_ACTIVE_ARCH = YES;
				SWIFT_ACTIVE_COMPILATION_CONDITIONS = "DEBUG $(inherited)";
				SWIFT_OPTIMIZATION_LEVEL = "-Onone";
			};
			name = Debug;
		};
		B14E77412E3590A60052BB04 /* Release */ = {
			isa = XCBuildConfiguration;
			buildSettings = {
				ALWAYS_SEARCH_USER_PATHS = NO;
				ASSETCATALOG_COMPILER_GENERATE_SWIFT_ASSET_SYMBOL_EXTENSIONS = YES;
				CLANG_ANALYZER_NONNULL = YES;
				CLANG_ANALYZER_NUMBER_OBJECT_CONVERSION = YES_AGGRESSIVE;
				CLANG_CXX_LANGUAGE_STANDARD = "gnu++20";
				CLANG_ENABLE_MODULES = YES;
				CLANG_ENABLE_OBJC_ARC = YES;
				CLANG_ENABLE_OBJC_WEAK = YES;
				CLANG_WARN_BLOCK_CAPTURE_AUTORELEASING = YES;
				CLANG_WARN_BOOL_CONVERSION = YES;
				CLANG_WARN_COMMA = YES;
				CLANG_WARN_CONSTANT_CONVERSION = YES;
				CLANG_WARN_DEPRECATED_OBJC_IMPLEMENTATIONS = YES;
				CLANG_WARN_DIRECT_OBJC_ISA_USAGE = YES_ERROR;
				CLANG_WARN_DOCUMENTATION_COMMENTS = YES;
				CLANG_WARN_EMPTY_BODY = YES;
				CLANG_WARN_ENUM_CONVERSION = YES;
				CLANG_WARN_INFINITE_RECURSION = YES;
				CLANG_WARN_INT_CONVERSION = YES;
				CLANG_WARN_NON_LITERAL_NULL_CONVERSION = YES;
				CLANG_WARN_OBJC_IMPLICIT_RETAIN_SELF = YES;
				CLANG_WARN_OBJC_LITERAL_CONVERSION = YES;
				CLANG_WARN_OBJC_ROOT_CLASS = YES_ERROR;
				CLANG_WARN_QUOTED_INCLUDE_IN_FRAMEWORK_HEADER = YES;
				CLANG_WARN_RANGE_LOOP_ANALYSIS = YES;
				CLANG_WARN_STRICT_PROTOTYPES = YES;
				CLANG_WARN_SUSPICIOUS_MOVE = YES;
				CLANG_WARN_UNGUARDED_AVAILABILITY = YES_AGGRESSIVE;
				CLANG_WARN_UNREACHABLE_CODE = YES;
				CLANG_WARN__DUPLICATE_METHOD_MATCH = YES;
				COPY_PHASE_STRIP = NO;
				DEBUG_INFORMATION_FORMAT = "dwarf-with-dsym";
				DEVELOPMENT_TEAM = WC6K89GLMJ;
				ENABLE_NS_ASSERTIONS = NO;
				ENABLE_STRICT_OBJC_MSGSEND = YES;
				ENABLE_USER_SCRIPT_SANDBOXING = YES;
				GCC_C_LANGUAGE_STANDARD = gnu17;
				GCC_NO_COMMON_BLOCKS = YES;
				GCC_WARN_64_TO_32_BIT_CONVERSION = YES;
				GCC_WARN_ABOUT_RETURN_TYPE = YES_ERROR;
				GCC_WARN_UNDECLARED_SELECTOR = YES;
				GCC_WARN_UNINITIALIZED_AUTOS = YES_AGGRESSIVE;
				GCC_WARN_UNUSED_FUNCTION = YES;
				GCC_WARN_UNUSED_VARIABLE = YES;
				LOCALIZATION_PREFERS_STRING_CATALOGS = YES;
				MTL_ENABLE_DEBUG_INFO = NO;
				MTL_FAST_MATH = YES;
				SWIFT_COMPILATION_MODE = wholemodule;
			};
			name = Release;
		};
		B14E77432E3590A60052BB04 /* Debug */ = {
			isa = XCBuildConfiguration;
			buildSettings = {
				ASSETCATALOG_COMPILER_APPICON_NAME = AppIcon;
				ASSETCATALOG_COMPILER_GLOBAL_ACCENT_COLOR_NAME = AccentColor;
				ASSETCATALOG_COMPILER_INCLUDE_ALL_APPICON_ASSETS = NO;
				CODE_SIGN_ENTITLEMENTS = "attention-arsenal/attention_arsenal.entitlements";
				"CODE_SIGN_IDENTITY[sdk=macosx*]" = "Apple Development";
				CODE_SIGN_STYLE = Automatic;
				CURRENT_PROJECT_VERSION = 6;
				DEVELOPMENT_TEAM = 2M75FL3Z77;
				ENABLE_HARDENED_RUNTIME = YES;
				ENABLE_PREVIEWS = YES;
				GENERATE_INFOPLIST_FILE = YES;
				INFOPLIST_FILE = "attention-arsenal/Info.plist";
				INFOPLIST_KEY_CFBundleDisplayName = "Attention Arsenal";
				INFOPLIST_KEY_LSApplicationCategoryType = "public.app-category.productivity";
				INFOPLIST_KEY_NSCalendarsUsageDescription = "This app needs access to your calendar to display upcoming events and help you manage your tasks alongside your schedule.";
				"INFOPLIST_KEY_UIApplicationSceneManifest_Generation[sdk=iphoneos*]" = YES;
				"INFOPLIST_KEY_UIApplicationSceneManifest_Generation[sdk=iphonesimulator*]" = YES;
				"INFOPLIST_KEY_UIApplicationSupportsIndirectInputEvents[sdk=iphoneos*]" = YES;
				"INFOPLIST_KEY_UIApplicationSupportsIndirectInputEvents[sdk=iphonesimulator*]" = YES;
				"INFOPLIST_KEY_UILaunchScreen_Generation[sdk=iphoneos*]" = YES;
				"INFOPLIST_KEY_UILaunchScreen_Generation[sdk=iphonesimulator*]" = YES;
				INFOPLIST_KEY_UIRequiresFullScreen = NO;
				"INFOPLIST_KEY_UIStatusBarStyle[sdk=iphoneos*]" = UIStatusBarStyleDefault;
				"INFOPLIST_KEY_UIStatusBarStyle[sdk=iphonesimulator*]" = UIStatusBarStyleDefault;
				INFOPLIST_KEY_UISupportedInterfaceOrientations = "UIInterfaceOrientationLandscapeLeft UIInterfaceOrientationLandscapeRight UIInterfaceOrientationPortrait UIInterfaceOrientationPortraitUpsideDown";
				IPHONEOS_DEPLOYMENT_TARGET = 18.4;
				LD_RUNPATH_SEARCH_PATHS = "@executable_path/Frameworks";
				"LD_RUNPATH_SEARCH_PATHS[sdk=macosx*]" = "@executable_path/../Frameworks";
				MACOSX_DEPLOYMENT_TARGET = 15.3;
				MARKETING_VERSION = 1.5;
				PRODUCT_BUNDLE_IDENTIFIER = "main.attention-arsenal";
				PRODUCT_NAME = "$(TARGET_NAME)";
				REGISTER_APP_GROUPS = YES;
				SDKROOT = auto;
				SUPPORTED_PLATFORMS = "iphoneos iphonesimulator macosx xros xrsimulator";
				SWIFT_EMIT_LOC_STRINGS = YES;
				SWIFT_VERSION = 5.0;
				TARGETED_DEVICE_FAMILY = "1,2,7";
				XROS_DEPLOYMENT_TARGET = 2.4;
			};
			name = Debug;
		};
		B14E77442E3590A60052BB04 /* Release */ = {
			isa = XCBuildConfiguration;
			buildSettings = {
				ASSETCATALOG_COMPILER_APPICON_NAME = AppIcon;
				ASSETCATALOG_COMPILER_GLOBAL_ACCENT_COLOR_NAME = AccentColor;
				ASSETCATALOG_COMPILER_INCLUDE_ALL_APPICON_ASSETS = NO;
				CODE_SIGN_ENTITLEMENTS = "attention-arsenal/attention_arsenal.entitlements";
				"CODE_SIGN_IDENTITY[sdk=macosx*]" = "Apple Development";
				CODE_SIGN_STYLE = Automatic;
				CURRENT_PROJECT_VERSION = 6;
				DEVELOPMENT_TEAM = 2M75FL3Z77;
				ENABLE_HARDENED_RUNTIME = YES;
				ENABLE_PREVIEWS = YES;
				GENERATE_INFOPLIST_FILE = YES;
				INFOPLIST_FILE = "attention-arsenal/Info.plist";
				INFOPLIST_KEY_CFBundleDisplayName = "Attention Arsenal";
				INFOPLIST_KEY_LSApplicationCategoryType = "public.app-category.productivity";
				INFOPLIST_KEY_NSCalendarsUsageDescription = "This app needs access to your calendar to display upcoming events and help you manage your tasks alongside your schedule.";
				"INFOPLIST_KEY_UIApplicationSceneManifest_Generation[sdk=iphoneos*]" = YES;
				"INFOPLIST_KEY_UIApplicationSceneManifest_Generation[sdk=iphonesimulator*]" = YES;
				"INFOPLIST_KEY_UIApplicationSupportsIndirectInputEvents[sdk=iphoneos*]" = YES;
				"INFOPLIST_KEY_UIApplicationSupportsIndirectInputEvents[sdk=iphonesimulator*]" = YES;
				"INFOPLIST_KEY_UILaunchScreen_Generation[sdk=iphoneos*]" = YES;
				"INFOPLIST_KEY_UILaunchScreen_Generation[sdk=iphonesimulator*]" = YES;
				INFOPLIST_KEY_UIRequiresFullScreen = NO;
				"INFOPLIST_KEY_UIStatusBarStyle[sdk=iphoneos*]" = UIStatusBarStyleDefault;
				"INFOPLIST_KEY_UIStatusBarStyle[sdk=iphonesimulator*]" = UIStatusBarStyleDefault;
				INFOPLIST_KEY_UISupportedInterfaceOrientations = "UIInterfaceOrientationLandscapeLeft UIInterfaceOrientationLandscapeRight UIInterfaceOrientationPortrait UIInterfaceOrientationPortraitUpsideDown";
				IPHONEOS_DEPLOYMENT_TARGET = 18.4;
				LD_RUNPATH_SEARCH_PATHS = "@executable_path/Frameworks";
				"LD_RUNPATH_SEARCH_PATHS[sdk=macosx*]" = "@executable_path/../Frameworks";
				MACOSX_DEPLOYMENT_TARGET = 15.3;
				MARKETING_VERSION = 1.5;
				PRODUCT_BUNDLE_IDENTIFIER = "main.attention-arsenal";
				PRODUCT_NAME = "$(TARGET_NAME)";
				REGISTER_APP_GROUPS = YES;
				SDKROOT = auto;
				SUPPORTED_PLATFORMS = "iphoneos iphonesimulator macosx xros xrsimulator";
				SWIFT_EMIT_LOC_STRINGS = YES;
				SWIFT_VERSION = 5.0;
				TARGETED_DEVICE_FAMILY = "1,2,7";
				XROS_DEPLOYMENT_TARGET = 2.4;
			};
			name = Release;
		};
		B14E77462E3590A60052BB04 /* Debug */ = {
			isa = XCBuildConfiguration;
			buildSettings = {
				BUNDLE_LOADER = "$(TEST_HOST)";
				CODE_SIGN_STYLE = Automatic;
				CURRENT_PROJECT_VERSION = 6;
				DEVELOPMENT_TEAM = WC6K89GLMJ;
				GENERATE_INFOPLIST_FILE = YES;
				IPHONEOS_DEPLOYMENT_TARGET = 18.4;
				MACOSX_DEPLOYMENT_TARGET = 15.3;
				MARKETING_VERSION = 1.5;
				PRODUCT_BUNDLE_IDENTIFIER = "main.attention-arsenalTests";
				PRODUCT_NAME = "$(TARGET_NAME)";
				SDKROOT = auto;
				SUPPORTED_PLATFORMS = "iphoneos iphonesimulator macosx xros xrsimulator";
				SWIFT_EMIT_LOC_STRINGS = NO;
				SWIFT_VERSION = 5.0;
				TARGETED_DEVICE_FAMILY = "1,2,7";
				TEST_HOST = "$(BUILT_PRODUCTS_DIR)/attention-arsenal.app/$(BUNDLE_EXECUTABLE_FOLDER_PATH)/attention-arsenal";
				XROS_DEPLOYMENT_TARGET = 2.4;
			};
			name = Debug;
		};
		B14E77472E3590A60052BB04 /* Release */ = {
			isa = XCBuildConfiguration;
			buildSettings = {
				BUNDLE_LOADER = "$(TEST_HOST)";
				CODE_SIGN_STYLE = Automatic;
				CURRENT_PROJECT_VERSION = 6;
				DEVELOPMENT_TEAM = WC6K89GLMJ;
				GENERATE_INFOPLIST_FILE = YES;
				IPHONEOS_DEPLOYMENT_TARGET = 18.4;
				MACOSX_DEPLOYMENT_TARGET = 15.3;
				MARKETING_VERSION = 1.5;
				PRODUCT_BUNDLE_IDENTIFIER = "main.attention-arsenalTests";
				PRODUCT_NAME = "$(TARGET_NAME)";
				SDKROOT = auto;
				SUPPORTED_PLATFORMS = "iphoneos iphonesimulator macosx xros xrsimulator";
				SWIFT_EMIT_LOC_STRINGS = NO;
				SWIFT_VERSION = 5.0;
				TARGETED_DEVICE_FAMILY = "1,2,7";
				TEST_HOST = "$(BUILT_PRODUCTS_DIR)/attention-arsenal.app/$(BUNDLE_EXECUTABLE_FOLDER_PATH)/attention-arsenal";
				XROS_DEPLOYMENT_TARGET = 2.4;
			};
			name = Release;
		};
		B14E77492E3590A60052BB04 /* Debug */ = {
			isa = XCBuildConfiguration;
			buildSettings = {
				CODE_SIGN_STYLE = Automatic;
				CURRENT_PROJECT_VERSION = 6;
				DEVELOPMENT_TEAM = WC6K89GLMJ;
				GENERATE_INFOPLIST_FILE = YES;
				IPHONEOS_DEPLOYMENT_TARGET = 18.4;
				MACOSX_DEPLOYMENT_TARGET = 15.3;
				MARKETING_VERSION = 1.5;
				PRODUCT_BUNDLE_IDENTIFIER = "main.attention-arsenalUITests";
				PRODUCT_NAME = "$(TARGET_NAME)";
				SDKROOT = auto;
				SUPPORTED_PLATFORMS = "iphoneos iphonesimulator macosx xros xrsimulator";
				SWIFT_EMIT_LOC_STRINGS = NO;
				SWIFT_VERSION = 5.0;
				TARGETED_DEVICE_FAMILY = "1,2,7";
				TEST_TARGET_NAME = "attention-arsenal";
				XROS_DEPLOYMENT_TARGET = 2.4;
			};
			name = Debug;
		};
		B14E774A2E3590A60052BB04 /* Release */ = {
			isa = XCBuildConfiguration;
			buildSettings = {
				CODE_SIGN_STYLE = Automatic;
				CURRENT_PROJECT_VERSION = 6;
				DEVELOPMENT_TEAM = WC6K89GLMJ;
				GENERATE_INFOPLIST_FILE = YES;
				IPHONEOS_DEPLOYMENT_TARGET = 18.4;
				MACOSX_DEPLOYMENT_TARGET = 15.3;
				MARKETING_VERSION = 1.5;
				PRODUCT_BUNDLE_IDENTIFIER = "main.attention-arsenalUITests";
				PRODUCT_NAME = "$(TARGET_NAME)";
				SDKROOT = auto;
				SUPPORTED_PLATFORMS = "iphoneos iphonesimulator macosx xros xrsimulator";
				SWIFT_EMIT_LOC_STRINGS = NO;
				SWIFT_VERSION = 5.0;
				TARGETED_DEVICE_FAMILY = "1,2,7";
				TEST_TARGET_NAME = "attention-arsenal";
				XROS_DEPLOYMENT_TARGET = 2.4;
			};
			name = Release;
		};
		B15C24102EB1BBF700EF30AB /* Debug */ = {
			isa = XCBuildConfiguration;
			buildSettings = {
				ASSETCATALOG_COMPILER_GLOBAL_ACCENT_COLOR_NAME = AccentColor;
				ASSETCATALOG_COMPILER_WIDGET_BACKGROUND_COLOR_NAME = WidgetBackground;
				CODE_SIGN_ENTITLEMENTS = AttentionArsenalWidgetExtension.entitlements;
				CODE_SIGN_STYLE = Automatic;
				CURRENT_PROJECT_VERSION = 6;
				DEVELOPMENT_TEAM = 2M75FL3Z77;
				GENERATE_INFOPLIST_FILE = YES;
				INFOPLIST_FILE = AttentionArsenalWidget/Info.plist;
				INFOPLIST_KEY_CFBundleDisplayName = AttentionArsenalWidget;
				INFOPLIST_KEY_NSHumanReadableCopyright = "";
				IPHONEOS_DEPLOYMENT_TARGET = 18.4;
				LD_RUNPATH_SEARCH_PATHS = (
					"$(inherited)",
					"@executable_path/Frameworks",
					"@executable_path/../../Frameworks",
				);
				MARKETING_VERSION = 1.5;
				PRODUCT_BUNDLE_IDENTIFIER = "main.attention-arsenal.AttentionArsenalWidget";
				PRODUCT_NAME = "$(TARGET_NAME)";
				SDKROOT = iphoneos;
				SKIP_INSTALL = YES;
				SWIFT_EMIT_LOC_STRINGS = YES;
				SWIFT_VERSION = 5.0;
				TARGETED_DEVICE_FAMILY = "1,2";
			};
			name = Debug;
		};
		B15C24112EB1BBF700EF30AB /* Release */ = {
			isa = XCBuildConfiguration;
			buildSettings = {
				ASSETCATALOG_COMPILER_GLOBAL_ACCENT_COLOR_NAME = AccentColor;
				ASSETCATALOG_COMPILER_WIDGET_BACKGROUND_COLOR_NAME = WidgetBackground;
				CODE_SIGN_ENTITLEMENTS = AttentionArsenalWidgetExtension.entitlements;
				CODE_SIGN_STYLE = Automatic;
				CURRENT_PROJECT_VERSION = 6;
				DEVELOPMENT_TEAM = 2M75FL3Z77;
				GENERATE_INFOPLIST_FILE = YES;
				INFOPLIST_FILE = AttentionArsenalWidget/Info.plist;
				INFOPLIST_KEY_CFBundleDisplayName = AttentionArsenalWidget;
				INFOPLIST_KEY_NSHumanReadableCopyright = "";
				IPHONEOS_DEPLOYMENT_TARGET = 18.4;
				LD_RUNPATH_SEARCH_PATHS = (
					"$(inherited)",
					"@executable_path/Frameworks",
					"@executable_path/../../Frameworks",
				);
				MARKETING_VERSION = 1.5;
				PRODUCT_BUNDLE_IDENTIFIER = "main.attention-arsenal.AttentionArsenalWidget";
				PRODUCT_NAME = "$(TARGET_NAME)";
				SDKROOT = iphoneos;
				SKIP_INSTALL = YES;
				SWIFT_EMIT_LOC_STRINGS = YES;
				SWIFT_VERSION = 5.0;
				TARGETED_DEVICE_FAMILY = "1,2";
				VALIDATE_PRODUCT = YES;
			};
			name = Release;
		};
/* End XCBuildConfiguration section */

/* Begin XCConfigurationList section */
		B14E771B2E3590A50052BB04 /* Build configuration list for PBXProject "attention-arsenal" */ = {
			isa = XCConfigurationList;
			buildConfigurations = (
				B14E77402E3590A60052BB04 /* Debug */,
				B14E77412E3590A60052BB04 /* Release */,
			);
			defaultConfigurationIsVisible = 0;
			defaultConfigurationName = Release;
		};
		B14E77422E3590A60052BB04 /* Build configuration list for PBXNativeTarget "attention-arsenal" */ = {
			isa = XCConfigurationList;
			buildConfigurations = (
				B14E77432E3590A60052BB04 /* Debug */,
				B14E77442E3590A60052BB04 /* Release */,
			);
			defaultConfigurationIsVisible = 0;
			defaultConfigurationName = Release;
		};
		B14E77452E3590A60052BB04 /* Build configuration list for PBXNativeTarget "attention-arsenalTests" */ = {
			isa = XCConfigurationList;
			buildConfigurations = (
				B14E77462E3590A60052BB04 /* Debug */,
				B14E77472E3590A60052BB04 /* Release */,
			);
			defaultConfigurationIsVisible = 0;
			defaultConfigurationName = Release;
		};
		B14E77482E3590A60052BB04 /* Build configuration list for PBXNativeTarget "attention-arsenalUITests" */ = {
			isa = XCConfigurationList;
			buildConfigurations = (
				B14E77492E3590A60052BB04 /* Debug */,
				B14E774A2E3590A60052BB04 /* Release */,
			);
			defaultConfigurationIsVisible = 0;
			defaultConfigurationName = Release;
		};
		B15C240F2EB1BBF700EF30AB /* Build configuration list for PBXNativeTarget "AttentionArsenalWidgetExtension" */ = {
			isa = XCConfigurationList;
			buildConfigurations = (
				B15C24102EB1BBF700EF30AB /* Debug */,
				B15C24112EB1BBF700EF30AB /* Release */,
			);
			defaultConfigurationIsVisible = 0;
			defaultConfigurationName = Release;
		};
/* End XCConfigurationList section */
	};
	rootObject = B14E77182E3590A50052BB04 /* Project object */;
}
